
Microsoft Visual Studio Solution File, Format Version 12.00
# Visual Studio 15
VisualStudioVersion = 15.0.27130.2036
MinimumVisualStudioVersion = 10.0.40219.1
Project("{8BC9CEB8-8B4A-11D0-8D11-00A0C91BC942}") = "ITOOP Assignment 2", "ITOOP Assignment 2\ITOOP Assignment 2.vcxproj", "{4132A70F-E215-4DD6-A03C-F036B0E6DAD4}"
EndProject
Global
	GlobalSection(SolutionConfigurationPlatforms) = preSolution
		Debug|x64 = Debug|x64
		Debug|x86 = Debug|x86
		Release|x64 = Release|x64
		Release|x86 = Release|x86
	EndGlobalSection
	GlobalSection(ProjectConfigurationPlatforms) = postSolution
		{4132A70F-E215-4DD6-A03C-F036B0E6DAD4}.Debug|x64.ActiveCfg = Debug|x64
		{4132A70F-E215-4DD6-A03C-F036B0E6DAD4}.Debug|x64.Build.0 = Debug|x64
		{4132A70F-E215-4DD6-A03C-F036B0E6DAD4}.Debug|x86.ActiveCfg = Debug|Win32
		{4132A70F-E215-4DD6-A03C-F036B0E6DAD4}.Debug|x86.Build.0 = Debug|Win32
		{4132A70F-E215-4DD6-A03C-F036B0E6DAD4}.Release|x64.ActiveCfg = Release|x64
		{4132A70F-E215-4DD6-A03C-F036B0E6DAD4}.Release|x64.Build.0 = Release|x64
		{4132A70F-E215-4DD6-A03C-F036B0E6DAD4}.Release|x86.ActiveCfg = Release|Win32
		{4132A70F-E215-4DD6-A03C-F036B0E6DAD4}.Release|x86.Build.0 = Release|Win32
	EndGlobalSection
	GlobalSection(SolutionProperties) = preSolution
		HideSolutionNode = FALSE
	EndGlobalSection
	GlobalSection(ExtensibilityGlobals) = postSolution
		SolutionGuid = {E84E0DBB-4E13-48B0-BA71-CB3CFC4CA44B}
	EndGlobalSection
EndGlobal
